
Microsoft Visual Studio Solution File, Format Version 12.00
# Visual Studio Version 16
VisualStudioVersion = 16.0.29728.190
MinimumVisualStudioVersion = 10.0.40219.1
Project("{FAE04EC0-301F-11D3-BF4B-00C04F79EFBC}") = "testaspnet", "testaspnet\testaspnet.csproj", "{1CFB67CA-E9E5-4AEE-91C1-29C2DD94CA49}"
EndProject
Global
	GlobalSection(SolutionConfigurationPlatforms) = preSolution
		Debug|Any CPU = Debug|Any CPU
		Release|Any CPU = Release|Any CPU
	EndGlobalSection
	GlobalSection(ProjectConfigurationPlatforms) = postSolution
		{1CFB67CA-E9E5-4AEE-91C1-29C2DD94CA49}.Debug|Any CPU.ActiveCfg = Debug|Any CPU
		{1CFB67CA-E9E5-4AEE-91C1-29C2DD94CA49}.Debug|Any CPU.Build.0 = Debug|Any CPU
		{1CFB67CA-E9E5-4AEE-91C1-29C2DD94CA49}.Release|Any CPU.ActiveCfg = Release|Any CPU
		{1CFB67CA-E9E5-4AEE-91C1-29C2DD94CA49}.Release|Any CPU.Build.0 = Release|Any CPU
	EndGlobalSection
	GlobalSection(SolutionProperties) = preSolution
		HideSolutionNode = FALSE
	EndGlobalSection
	GlobalSection(ExtensibilityGlobals) = postSolution
		SolutionGuid = {FE9B8854-6805-477D-9CE2-9E841BBBE370}
	EndGlobalSection
EndGlobal
